
Microsoft Visual Studio Solution File, Format Version 12.00
# Visual Studio Version 17
VisualStudioVersion = 17.3.32929.385
MinimumVisualStudioVersion = 10.0.40219.1
Project("{FAE04EC0-301F-11D3-BF4B-00C04F79EFBC}") = "AOC2022", "AOC2022.csproj", "{22B6695E-436A-45CF-B747-582DE8993011}"
EndProject
Global
	GlobalSection(SolutionConfigurationPlatforms) = preSolution
		Debug|Any CPU = Debug|Any CPU
		Release|Any CPU = Release|Any CPU
	EndGlobalSection
	GlobalSection(ProjectConfigurationPlatforms) = postSolution
		{22B6695E-436A-45CF-B747-582DE8993011}.Debug|Any CPU.ActiveCfg = Debug|Any CPU
		{22B6695E-436A-45CF-B747-582DE8993011}.Debug|Any CPU.Build.0 = Debug|Any CPU
		{22B6695E-436A-45CF-B747-582DE8993011}.Release|Any CPU.ActiveCfg = Release|Any CPU
		{22B6695E-436A-45CF-B747-582DE8993011}.Release|Any CPU.Build.0 = Release|Any CPU
	EndGlobalSection
	GlobalSection(SolutionProperties) = preSolution
		HideSolutionNode = FALSE
	EndGlobalSection
	GlobalSection(ExtensibilityGlobals) = postSolution
		SolutionGuid = {43C29F59-58B9-43FE-B330-B36ADB462112}
	EndGlobalSection
EndGlobal
